dependencies:
  espressif/dhara:
    component_hash: e6c1593523e023e7de93dd8ed6e867fe42e881736b95a5a89e046eab42d013ce
    dependencies: []
    source:
      registry_url: https://components.espressif.com
      type: service
    version: 0.1.0
  espressif/spi_nand_flash:
    component_hash: 35ac95c884e1fe939815cc47cf52a231425565e950a9f23c9a3fed5980c04a6a
    dependencies:
    - name: espressif/dhara
      registry_url: https://components.espressif.com
      require: private
      version: 0.1.*
    - name: idf
      require: private
      version: '>=5.0'
    source:
      registry_url: https://components.espressif.com/
      type: service
    version: 0.16.0
  h2zero/esp-nimble-cpp:
    component_hash: ecdcabe83333948495103f9d62e4ecb651bff866fce123d00bfc106baa383e54
    dependencies:
    - name: espressif/esp_hosted
      registry_url: https://components.espressif.com
      require: private
      rules:
      - if: target in [esp32p4]
      version: '*'
    - name: espressif/esp_wifi_remote
      registry_url: https://components.espressif.com
      require: private
      rules:
      - if: target in [esp32p4]
      version: '>=0.5.3'
    - name: idf
      require: private
      rules:
      - if: target in [esp32p4]
      version: '>=5.3.0'
    source:
      registry_url: https://components.espressif.com/
      type: service
    version: 2.3.4
  idf:
    source:
      type: idf
    version: 5.5.2
direct_dependencies:
- espressif/spi_nand_flash
- h2zero/esp-nimble-cpp
- idf
manifest_hash: a30788ef2a14a2d55b5683caead368cb1e747ec4b05ddfc4153cf36e7815d8e1
target: esp32c5
version: 2.0.0
